
Microsoft Visual Studio Solution File, Format Version 12.00
# Visual Studio 15
Project("{FAE04EC0-301F-11D3-BF4B-00C04F79EFBC}") = "unity", "SteamVR.csproj", "{BEB626C3-4E35-6EEE-0762-1BFF36D8F164}"
EndProject
Project("{FAE04EC0-301F-11D3-BF4B-00C04F79EFBC}") = "unity", "SteamVR_Input_Editor.csproj", "{F2934626-A95A-FC53-B132-7088457C1B3F}"
EndProject
Project("{FAE04EC0-301F-11D3-BF4B-00C04F79EFBC}") = "unity", "SteamVR_Editor.csproj", "{C68ADE29-C299-21EC-3228-6B75FF3784B7}"
EndProject
Project("{FAE04EC0-301F-11D3-BF4B-00C04F79EFBC}") = "unity", "SteamVR_Windows_EditorHelper.csproj", "{F92D1359-FC3F-9DCB-4BAF-1C8E8E53BCDB}"
EndProject
Project("{FAE04EC0-301F-11D3-BF4B-00C04F79EFBC}") = "unity", "Assembly-CSharp.csproj", "{C3DA89E1-70C6-7D6C-993E-C8F831D35880}"
EndProject
Global
	GlobalSection(SolutionConfigurationPlatforms) = preSolution
		Debug|Any CPU = Debug|Any CPU
		Release|Any CPU = Release|Any CPU
	EndGlobalSection
	GlobalSection(ProjectConfigurationPlatforms) = postSolution
		{BEB626C3-4E35-6EEE-0762-1BFF36D8F164}.Debug|Any CPU.ActiveCfg = Debug|Any CPU
		{BEB626C3-4E35-6EEE-0762-1BFF36D8F164}.Debug|Any CPU.Build.0 = Debug|Any CPU
		{BEB626C3-4E35-6EEE-0762-1BFF36D8F164}.Release|Any CPU.ActiveCfg = Release|Any CPU
		{BEB626C3-4E35-6EEE-0762-1BFF36D8F164}.Release|Any CPU.Build.0 = Release|Any CPU
		{F2934626-A95A-FC53-B132-7088457C1B3F}.Debug|Any CPU.ActiveCfg = Debug|Any CPU
		{F2934626-A95A-FC53-B132-7088457C1B3F}.Debug|Any CPU.Build.0 = Debug|Any CPU
		{F2934626-A95A-FC53-B132-7088457C1B3F}.Release|Any CPU.ActiveCfg = Release|Any CPU
		{F2934626-A95A-FC53-B132-7088457C1B3F}.Release|Any CPU.Build.0 = Release|Any CPU
		{C68ADE29-C299-21EC-3228-6B75FF3784B7}.Debug|Any CPU.ActiveCfg = Debug|Any CPU
		{C68ADE29-C299-21EC-3228-6B75FF3784B7}.Debug|Any CPU.Build.0 = Debug|Any CPU
		{C68ADE29-C299-21EC-3228-6B75FF3784B7}.Release|Any CPU.ActiveCfg = Release|Any CPU
		{C68ADE29-C299-21EC-3228-6B75FF3784B7}.Release|Any CPU.Build.0 = Release|Any CPU
		{F92D1359-FC3F-9DCB-4BAF-1C8E8E53BCDB}.Debug|Any CPU.ActiveCfg = Debug|Any CPU
		{F92D1359-FC3F-9DCB-4BAF-1C8E8E53BCDB}.Debug|Any CPU.Build.0 = Debug|Any CPU
		{F92D1359-FC3F-9DCB-4BAF-1C8E8E53BCDB}.Release|Any CPU.ActiveCfg = Release|Any CPU
		{F92D1359-FC3F-9DCB-4BAF-1C8E8E53BCDB}.Release|Any CPU.Build.0 = Release|Any CPU
		{C3DA89E1-70C6-7D6C-993E-C8F831D35880}.Debug|Any CPU.ActiveCfg = Debug|Any CPU
		{C3DA89E1-70C6-7D6C-993E-C8F831D35880}.Debug|Any CPU.Build.0 = Debug|Any CPU
		{C3DA89E1-70C6-7D6C-993E-C8F831D35880}.Release|Any CPU.ActiveCfg = Release|Any CPU
		{C3DA89E1-70C6-7D6C-993E-C8F831D35880}.Release|Any CPU.Build.0 = Release|Any CPU
	EndGlobalSection
	GlobalSection(SolutionProperties) = preSolution
		HideSolutionNode = FALSE
	EndGlobalSection
EndGlobal
