
Microsoft Visual Studio Solution File, Format Version 12.00
# Visual Studio 15
Project("{FAE04EC0-301F-11D3-BF4B-00C04F79EFBC}") = "SteamVR", "SteamVR.csproj", "{BEB626C3-4E35-6EEE-0762-1BFF36D8F164}"
EndProject
Project("{FAE04EC0-301F-11D3-BF4B-00C04F79EFBC}") = "TobiiXRDevTools", "TobiiXRDevTools.csproj", "{0F8ABD6D-565B-2B99-B842-593FE6B50ED5}"
EndProject
Project("{FAE04EC0-301F-11D3-BF4B-00C04F79EFBC}") = "TobiiXRSDK", "TobiiXRSDK.csproj", "{E4BD9B0C-2450-B7D4-7AFE-7BD42752EF36}"
EndProject
Project("{FAE04EC0-301F-11D3-BF4B-00C04F79EFBC}") = "Assembly-CSharp", "Assembly-CSharp.csproj", "{C3DA89E1-70C6-7D6C-993E-C8F831D35880}"
EndProject
Project("{FAE04EC0-301F-11D3-BF4B-00C04F79EFBC}") = "TobiiXRCore", "TobiiXRCore.csproj", "{2BFF2C03-318F-E11A-EB30-421D8CA55C80}"
EndProject
Project("{FAE04EC0-301F-11D3-BF4B-00C04F79EFBC}") = "TobiiXRG2OM", "TobiiXRG2OM.csproj", "{C2873EB4-88A3-BBE3-3C41-6363661765F4}"
EndProject
Project("{FAE04EC0-301F-11D3-BF4B-00C04F79EFBC}") = "SteamVR_Editor", "SteamVR_Editor.csproj", "{C68ADE29-C299-21EC-3228-6B75FF3784B7}"
EndProject
Project("{FAE04EC0-301F-11D3-BF4B-00C04F79EFBC}") = "GazeModifierEditor", "GazeModifierEditor.csproj", "{79A1CD49-ED51-D380-707C-C843CB7C8B7F}"
EndProject
Project("{FAE04EC0-301F-11D3-BF4B-00C04F79EFBC}") = "SteamVR_Input_Editor", "SteamVR_Input_Editor.csproj", "{F2934626-A95A-FC53-B132-7088457C1B3F}"
EndProject
Project("{FAE04EC0-301F-11D3-BF4B-00C04F79EFBC}") = "TobiiXRInternalEditor", "TobiiXRInternalEditor.csproj", "{0DB3594C-CEA3-B8C4-AAC0-F500CFB43D21}"
EndProject
Project("{FAE04EC0-301F-11D3-BF4B-00C04F79EFBC}") = "TobiiXREditor", "TobiiXREditor.csproj", "{1DEF3FE3-2E6C-306A-1864-8E53B3359108}"
EndProject
Project("{FAE04EC0-301F-11D3-BF4B-00C04F79EFBC}") = "SteamVR_Windows_EditorHelper", "SteamVR_Windows_EditorHelper.csproj", "{F92D1359-FC3F-9DCB-4BAF-1C8E8E53BCDB}"
EndProject
Global
	GlobalSection(SolutionConfigurationPlatforms) = preSolution
		Debug|Any CPU = Debug|Any CPU
		Release|Any CPU = Release|Any CPU
	EndGlobalSection
	GlobalSection(ProjectConfigurationPlatforms) = postSolution
		{BEB626C3-4E35-6EEE-0762-1BFF36D8F164}.Debug|Any CPU.ActiveCfg = Debug|Any CPU
		{BEB626C3-4E35-6EEE-0762-1BFF36D8F164}.Debug|Any CPU.Build.0 = Debug|Any CPU
		{BEB626C3-4E35-6EEE-0762-1BFF36D8F164}.Release|Any CPU.ActiveCfg = Release|Any CPU
		{BEB626C3-4E35-6EEE-0762-1BFF36D8F164}.Release|Any CPU.Build.0 = Release|Any CPU
		{0F8ABD6D-565B-2B99-B842-593FE6B50ED5}.Debug|Any CPU.ActiveCfg = Debug|Any CPU
		{0F8ABD6D-565B-2B99-B842-593FE6B50ED5}.Debug|Any CPU.Build.0 = Debug|Any CPU
		{0F8ABD6D-565B-2B99-B842-593FE6B50ED5}.Release|Any CPU.ActiveCfg = Release|Any CPU
		{0F8ABD6D-565B-2B99-B842-593FE6B50ED5}.Release|Any CPU.Build.0 = Release|Any CPU
		{E4BD9B0C-2450-B7D4-7AFE-7BD42752EF36}.Debug|Any CPU.ActiveCfg = Debug|Any CPU
		{E4BD9B0C-2450-B7D4-7AFE-7BD42752EF36}.Debug|Any CPU.Build.0 = Debug|Any CPU
		{E4BD9B0C-2450-B7D4-7AFE-7BD42752EF36}.Release|Any CPU.ActiveCfg = Release|Any CPU
		{E4BD9B0C-2450-B7D4-7AFE-7BD42752EF36}.Release|Any CPU.Build.0 = Release|Any CPU
		{C3DA89E1-70C6-7D6C-993E-C8F831D35880}.Debug|Any CPU.ActiveCfg = Debug|Any CPU
		{C3DA89E1-70C6-7D6C-993E-C8F831D35880}.Debug|Any CPU.Build.0 = Debug|Any CPU
		{C3DA89E1-70C6-7D6C-993E-C8F831D35880}.Release|Any CPU.ActiveCfg = Release|Any CPU
		{C3DA89E1-70C6-7D6C-993E-C8F831D35880}.Release|Any CPU.Build.0 = Release|Any CPU
		{2BFF2C03-318F-E11A-EB30-421D8CA55C80}.Debug|Any CPU.ActiveCfg = Debug|Any CPU
		{2BFF2C03-318F-E11A-EB30-421D8CA55C80}.Debug|Any CPU.Build.0 = Debug|Any CPU
		{2BFF2C03-318F-E11A-EB30-421D8CA55C80}.Release|Any CPU.ActiveCfg = Release|Any CPU
		{2BFF2C03-318F-E11A-EB30-421D8CA55C80}.Release|Any CPU.Build.0 = Release|Any CPU
		{C2873EB4-88A3-BBE3-3C41-6363661765F4}.Debug|Any CPU.ActiveCfg = Debug|Any CPU
		{C2873EB4-88A3-BBE3-3C41-6363661765F4}.Debug|Any CPU.Build.0 = Debug|Any CPU
		{C2873EB4-88A3-BBE3-3C41-6363661765F4}.Release|Any CPU.ActiveCfg = Release|Any CPU
		{C2873EB4-88A3-BBE3-3C41-6363661765F4}.Release|Any CPU.Build.0 = Release|Any CPU
		{C68ADE29-C299-21EC-3228-6B75FF3784B7}.Debug|Any CPU.ActiveCfg = Debug|Any CPU
		{C68ADE29-C299-21EC-3228-6B75FF3784B7}.Debug|Any CPU.Build.0 = Debug|Any CPU
		{C68ADE29-C299-21EC-3228-6B75FF3784B7}.Release|Any CPU.ActiveCfg = Release|Any CPU
		{C68ADE29-C299-21EC-3228-6B75FF3784B7}.Release|Any CPU.Build.0 = Release|Any CPU
		{79A1CD49-ED51-D380-707C-C843CB7C8B7F}.Debug|Any CPU.ActiveCfg = Debug|Any CPU
		{79A1CD49-ED51-D380-707C-C843CB7C8B7F}.Debug|Any CPU.Build.0 = Debug|Any CPU
		{79A1CD49-ED51-D380-707C-C843CB7C8B7F}.Release|Any CPU.ActiveCfg = Release|Any CPU
		{79A1CD49-ED51-D380-707C-C843CB7C8B7F}.Release|Any CPU.Build.0 = Release|Any CPU
		{F2934626-A95A-FC53-B132-7088457C1B3F}.Debug|Any CPU.ActiveCfg = Debug|Any CPU
		{F2934626-A95A-FC53-B132-7088457C1B3F}.Debug|Any CPU.Build.0 = Debug|Any CPU
		{F2934626-A95A-FC53-B132-7088457C1B3F}.Release|Any CPU.ActiveCfg = Release|Any CPU
		{F2934626-A95A-FC53-B132-7088457C1B3F}.Release|Any CPU.Build.0 = Release|Any CPU
		{0DB3594C-CEA3-B8C4-AAC0-F500CFB43D21}.Debug|Any CPU.ActiveCfg = Debug|Any CPU
		{0DB3594C-CEA3-B8C4-AAC0-F500CFB43D21}.Debug|Any CPU.Build.0 = Debug|Any CPU
		{0DB3594C-CEA3-B8C4-AAC0-F500CFB43D21}.Release|Any CPU.ActiveCfg = Release|Any CPU
		{0DB3594C-CEA3-B8C4-AAC0-F500CFB43D21}.Release|Any CPU.Build.0 = Release|Any CPU
		{1DEF3FE3-2E6C-306A-1864-8E53B3359108}.Debug|Any CPU.ActiveCfg = Debug|Any CPU
		{1DEF3FE3-2E6C-306A-1864-8E53B3359108}.Debug|Any CPU.Build.0 = Debug|Any CPU
		{1DEF3FE3-2E6C-306A-1864-8E53B3359108}.Release|Any CPU.ActiveCfg = Release|Any CPU
		{1DEF3FE3-2E6C-306A-1864-8E53B3359108}.Release|Any CPU.Build.0 = Release|Any CPU
		{F92D1359-FC3F-9DCB-4BAF-1C8E8E53BCDB}.Debug|Any CPU.ActiveCfg = Debug|Any CPU
		{F92D1359-FC3F-9DCB-4BAF-1C8E8E53BCDB}.Debug|Any CPU.Build.0 = Debug|Any CPU
		{F92D1359-FC3F-9DCB-4BAF-1C8E8E53BCDB}.Release|Any CPU.ActiveCfg = Release|Any CPU
		{F92D1359-FC3F-9DCB-4BAF-1C8E8E53BCDB}.Release|Any CPU.Build.0 = Release|Any CPU
	EndGlobalSection
	GlobalSection(SolutionProperties) = preSolution
		HideSolutionNode = FALSE
	EndGlobalSection
EndGlobal
